
Microsoft Visual Studio Solution File, Format Version 12.00
# Visual Studio Version 16
VisualStudioVersion = 16.0.32802.440
MinimumVisualStudioVersion = 10.0.40219.1
Project("{8BC9CEB8-8B4A-11D0-8D11-00A0C91BC942}") = "IntelliStart", "IntelliStart\IntelliStart.vcxproj", "{363E11B8-5CD7-4FCD-B195-52F4285AC4A3}"
EndProject
Global
	GlobalSection(SolutionConfigurationPlatforms) = preSolution
		Debug|x64 = Debug|x64
		Debug|x86 = Debug|x86
		Release|x64 = Release|x64
		Release|x86 = Release|x86
	EndGlobalSection
	GlobalSection(ProjectConfigurationPlatforms) = postSolution
		{363E11B8-5CD7-4FCD-B195-52F4285AC4A3}.Debug|x64.ActiveCfg = Debug|x64
		{363E11B8-5CD7-4FCD-B195-52F4285AC4A3}.Debug|x64.Build.0 = Debug|x64
		{363E11B8-5CD7-4FCD-B195-52F4285AC4A3}.Debug|x86.ActiveCfg = Debug|Win32
		{363E11B8-5CD7-4FCD-B195-52F4285AC4A3}.Debug|x86.Build.0 = Debug|Win32
		{363E11B8-5CD7-4FCD-B195-52F4285AC4A3}.Release|x64.ActiveCfg = Release|x64
		{363E11B8-5CD7-4FCD-B195-52F4285AC4A3}.Release|x64.Build.0 = Release|x64
		{363E11B8-5CD7-4FCD-B195-52F4285AC4A3}.Release|x86.ActiveCfg = Release|Win32
		{363E11B8-5CD7-4FCD-B195-52F4285AC4A3}.Release|x86.Build.0 = Release|Win32
	EndGlobalSection
	GlobalSection(SolutionProperties) = preSolution
		HideSolutionNode = FALSE
	EndGlobalSection
	GlobalSection(ExtensibilityGlobals) = postSolution
		SolutionGuid = {101B7F15-2553-46BB-90F6-31D784E7A9CD}
	EndGlobalSection
EndGlobal
